// !$*UTF8*$!
{
	archiveVersion = 1;
	classes = {
	};
	objectVersion = 46;
	objects = {

/* Begin PBXBuildFile section */
		FCE2DA1E16409A96008654AA /* main.cpp in Sources */ = {isa = PBXBuildFile; fileRef = FCE2DA1D16409A96008654AA /* main.cpp */; };
		FCE2DA2016409A96008654AA /* scrapeToUDP.1 in CopyFiles */ = {isa = PBXBuildFile; fileRef = FCE2DA1F16409A96008654AA /* scrapeToUDP.1 */; };
/* End PBXBuildFile section */

/* Begin PBXCopyFilesBuildPhase section */
		FCE2DA1716409A96008654AA /* CopyFiles */ = {
			isa = PBXCopyFilesBuildPhase;
			buildActionMask = 2147483647;
			dstPath = /usr/share/man/man1/;
			dstSubfolderSpec = 0;
			files = (
				FCE2DA2016409A96008654AA /* scrapeToUDP.1 in CopyFiles */,
			);
			runOnlyForDeploymentPostprocessing = 1;
		};
/* End PBXCopyFilesBuildPhase section */

/* Begin PBXFileReference section */
		FCE2DA1916409A96008654AA /* scrapeToUDP */ = {isa = PBXFileReference; explicitFileType = "compiled.mach-o.executable"; includeInIndex = 0; path = scrapeToUDP; sourceTree = BUILT_PRODUCTS_DIR; };
		FCE2DA1D16409A96008654AA /* main.cpp */ = {isa = PBXFileReference; lastKnownFileType = sourcecode.cpp.cpp; path = main.cpp; sourceTree = "<group>"; };
		FCE2DA1F16409A96008654AA /* scrapeToUDP.1 */ = {isa = PBXFileReference; lastKnownFileType = text.man; path = scrapeToUDP.1; sourceTree = "<group>"; };
/* End PBXFileReference section */

/* Begin PBXFrameworksBuildPhase section */
		FCE2DA1616409A96008654AA /* Frameworks */ = {
			isa = PBXFrameworksBuildPhase;
			buildActionMask = 2147483647;
			files = (
			);
			runOnlyForDeploymentPostprocessing = 0;
		};
/* End PBXFrameworksBuildPhase section */

/* Begin PBXGroup section */
		FCE2DA0E16409A96008654AA = {
			isa = PBXGroup;
			children = (
				FCE2DA1C16409A96008654AA /* scrapeToUDP */,
				FCE2DA1A16409A96008654AA /* Products */,
			);
			sourceTree = "<group>";
		};
		FCE2DA1A16409A96008654AA /* Products */ = {
			isa = PBXGroup;
			children = (
				FCE2DA1916409A96008654AA /* scrapeToUDP */,
			);
			name = Products;
			sourceTree = "<group>";
		};
		FCE2DA1C16409A96008654AA /* scrapeToUDP */ = {
			isa = PBXGroup;
			children = (
				FCE2DA1D16409A96008654AA /* main.cpp */,
				FCE2DA1F16409A96008654AA /* scrapeToUDP.1 */,
			);
			path = scrapeToUDP;
			sourceTree = "<group>";
		};
/* End PBXGroup section */

/* Begin PBXNativeTarget section */
		FCE2DA1816409A96008654AA /* scrapeToUDP */ = {
			isa = PBXNativeTarget;
			buildConfigurationList = FCE2DA2316409A96008654AA /* Build configuration list for PBXNativeTarget "scrapeToUDP" */;
			buildPhases = (
				FCE2DA1516409A96008654AA /* Sources */,
				FCE2DA1616409A96008654AA /* Frameworks */,
				FCE2DA1716409A96008654AA /* CopyFiles */,
			);
			buildRules = (
			);
			dependencies = (
			);
			name = scrapeToUDP;
			productName = scrapeToUDP;
			productReference = FCE2DA1916409A96008654AA /* scrapeToUDP */;
			productType = "com.apple.product-type.tool";
		};
/* End PBXNativeTarget section */

/* Begin PBXProject section */
		FCE2DA1016409A96008654AA /* Project object */ = {
			isa = PBXProject;
			attributes = {
				LastUpgradeCheck = 0450;
				ORGANIZATIONNAME = Adobe;
			};
			buildConfigurationList = FCE2DA1316409A96008654AA /* Build configuration list for PBXProject "scrapeToUDP" */;
			compatibilityVersion = "Xcode 3.2";
			developmentRegion = English;
			hasScannedForEncodings = 0;
			knownRegions = (
				en,
			);
			mainGroup = FCE2DA0E16409A96008654AA;
			productRefGroup = FCE2DA1A16409A96008654AA /* Products */;
			projectDirPath = "";
			projectRoot = "";
			targets = (
				FCE2DA1816409A96008654AA /* scrapeToUDP */,
			);
		};
/* End PBXProject section */

/* Begin PBXSourcesBuildPhase section */
		FCE2DA1516409A96008654AA /* Sources */ = {
			isa = PBXSourcesBuildPhase;
			buildActionMask = 2147483647;
			files = (
				FCE2DA1E16409A96008654AA /* main.cpp in Sources */,
			);
			runOnlyForDeploymentPostprocessing = 0;
		};
/* End PBXSourcesBuildPhase section */

/* Begin XCBuildConfiguration section */
		FCE2DA2116409A96008654AA /* Debug */ = {
			isa = XCBuildConfiguration;
			buildSettings = {
				ALWAYS_SEARCH_USER_PATHS = NO;
				ARCHS = "$(ARCHS_STANDARD_64_BIT)";
				CLANG_CXX_LANGUAGE_STANDARD = "gnu++0x";
				CLANG_CXX_LIBRARY = "libc++";
				CLANG_WARN_EMPTY_BODY = YES;
				CLANG_WARN__DUPLICATE_METHOD_MATCH = YES;
				COPY_PHASE_STRIP = NO;
				GCC_C_LANGUAGE_STANDARD = gnu99;
				GCC_DYNAMIC_NO_PIC = NO;
				GCC_ENABLE_OBJC_EXCEPTIONS = YES;
				GCC_OPTIMIZATION_LEVEL = 0;
				GCC_PREPROCESSOR_DEFINITIONS = (
					"DEBUG=1",
					"$(inherited)",
				);
				GCC_SYMBOLS_PRIVATE_EXTERN = NO;
				GCC_WARN_64_TO_32_BIT_CONVERSION = YES;
				GCC_WARN_ABOUT_RETURN_TYPE = YES;
				GCC_WARN_UNINITIALIZED_AUTOS = YES;
				GCC_WARN_UNUSED_VARIABLE = YES;
				MACOSX_DEPLOYMENT_TARGET = 10.8;
				ONLY_ACTIVE_ARCH = YES;
				SDKROOT = macosx;
			};
			name = Debug;
		};
		FCE2DA2216409A96008654AA /* Release */ = {
			isa = XCBuildConfiguration;
			buildSettings = {
				ALWAYS_SEARCH_USER_PATHS = NO;
				ARCHS = "$(ARCHS_STANDARD_64_BIT)";
				CLANG_CXX_LANGUAGE_STANDARD = "gnu++0x";
				CLANG_CXX_LIBRARY = "libc++";
				CLANG_WARN_EMPTY_BODY = YES;
				CLANG_WARN__DUPLICATE_METHOD_MATCH = YES;
				COPY_PHASE_STRIP = YES;
				DEBUG_INFORMATION_FORMAT = "dwarf-with-dsym";
				GCC_C_LANGUAGE_STANDARD = gnu99;
				GCC_ENABLE_OBJC_EXCEPTIONS = YES;
				GCC_WARN_64_TO_32_BIT_CONVERSION = YES;
				GCC_WARN_ABOUT_RETURN_TYPE = YES;
				GCC_WARN_UNINITIALIZED_AUTOS = YES;
				GCC_WARN_UNUSED_VARIABLE = YES;
				MACOSX_DEPLOYMENT_TARGET = 10.8;
				SDKROOT = macosx;
			};
			name = Release;
		};
		FCE2DA2416409A96008654AA /* Debug */ = {
			isa = XCBuildConfiguration;
			buildSettings = {
				PRODUCT_NAME = "$(TARGET_NAME)";
			};
			name = Debug;
		};
		FCE2DA2516409A96008654AA /* Release */ = {
			isa = XCBuildConfiguration;
			buildSettings = {
				PRODUCT_NAME = "$(TARGET_NAME)";
			};
			name = Release;
		};
/* End XCBuildConfiguration section */

/* Begin XCConfigurationList section */
		FCE2DA1316409A96008654AA /* Build configuration list for PBXProject "scrapeToUDP" */ = {
			isa = XCConfigurationList;
			buildConfigurations = (
				FCE2DA2116409A96008654AA /* Debug */,
				FCE2DA2216409A96008654AA /* Release */,
			);
			defaultConfigurationIsVisible = 0;
			defaultConfigurationName = Release;
		};
		FCE2DA2316409A96008654AA /* Build configuration list for PBXNativeTarget "scrapeToUDP" */ = {
			isa = XCConfigurationList;
			buildConfigurations = (
				FCE2DA2416409A96008654AA /* Debug */,
				FCE2DA2516409A96008654AA /* Release */,
			);
			defaultConfigurationIsVisible = 0;
		};
/* End XCConfigurationList section */
	};
	rootObject = FCE2DA1016409A96008654AA /* Project object */;
}
